version = 1
revision = 3
requires-python = "==3.10.19"

[[package]]
name = "basedpyright"
version = "1.36.1"
source = { registry = "https://pypi.org/simple" }
dependencies = [
    { name = "nodejs-wheel-binaries" },
]
sdist = { url = "https://files.pythonhosted.org/packages/32/29/d42d543a1637e692ac557bfc6d6fcf50e9a7061c1cb4da403378d6a70453/basedpyright-1.36.1.tar.gz", hash = "sha256:20c9a24e2a4c95d5b6d46c78a6b6c7e3dc7cbba227125256431d47c595b15fd4", size = 22834851, upload-time = "2025-12-11T14:55:47.463Z" }
wheels = [
    { url = "https://files.pythonhosted.org/packages/c0/7f/f0133313bffa303d32aa74468981eb6b2da7fadda6247c9aa0aeab8391b1/basedpyright-1.36.1-py3-none-any.whl", hash = "sha256:3d738484fe9681cdfe35dd98261f30a9a7aec64208bc91f8773a9aaa9b89dd16", size = 11881725, upload-time = "2025-12-11T14:55:43.805Z" },
]

[[package]]
name = "nodejs-wheel-binaries"
version = "24.12.0"
source = { registry = "https://pypi.org/simple" }
sdist = { url = "https://files.pythonhosted.org/packages/b9/35/d806c2ca66072e36dc340ccdbeb2af7e4f1b5bcc33f1481f00ceed476708/nodejs_wheel_binaries-24.12.0.tar.gz", hash = "sha256:f1b50aa25375e264697dec04b232474906b997c2630c8f499f4caf3692938435", size = 8058, upload-time = "2025-12-11T21:12:26.856Z" }
wheels = [
    { url = "https://files.pythonhosted.org/packages/c3/3b/9d6f044319cd5b1e98f07c41e2465b58cadc1c9c04a74c891578f3be6cb5/nodejs_wheel_binaries-24.12.0-py2.py3-none-macosx_13_0_arm64.whl", hash = "sha256:7564ddea0a87eff34e9b3ef71764cc2a476a8f09a5cccfddc4691148b0a47338", size = 55125859, upload-time = "2025-12-11T21:11:58.132Z" },
    { url = "https://files.pythonhosted.org/packages/48/a5/f5722bf15c014e2f476d7c76bce3d55c341d19122d8a5d86454db32a61a4/nodejs_wheel_binaries-24.12.0-py2.py3-none-macosx_13_0_x86_64.whl", hash = "sha256:8ff929c4669e64613ceb07f5bbd758d528c3563820c75d5de3249eb452c0c0ab", size = 55309035, upload-time = "2025-12-11T21:12:01.754Z" },
    { url = "https://files.pythonhosted.org/packages/a9/61/68d39a6f1b5df67805969fd2829ba7e80696c9af19537856ec912050a2be/nodejs_wheel_binaries-24.12.0-py2.py3-none-manylinux_2_28_aarch64.whl", hash = "sha256:6ebacefa8891bc456ad3655e6bce0af7e20ba08662f79d9109986faeb703fd6f", size = 59661017, upload-time = "2025-12-11T21:12:05.268Z" },
    { url = "https://files.pythonhosted.org/packages/16/a1/31aad16f55a5e44ca7ea62d1367fc69f4b6e1dba67f58a0a41d0ed854540/nodejs_wheel_binaries-24.12.0-py2.py3-none-manylinux_2_28_x86_64.whl", hash = "sha256:3292649a03682ccbfa47f7b04d3e4240e8c46ef04dc941b708f20e4e6a764f75", size = 60159770, upload-time = "2025-12-11T21:12:08.696Z" },
    { url = "https://files.pythonhosted.org/packages/c4/5e/b7c569aa1862690ca4d4daf3a64cafa1ea6ce667a9e3ae3918c56e127d9b/nodejs_wheel_binaries-24.12.0-py2.py3-none-musllinux_1_2_aarch64.whl", hash = "sha256:7fb83df312955ea355ba7f8cbd7055c477249a131d3cb43b60e4aeb8f8c730b1", size = 61653561, upload-time = "2025-12-11T21:12:12.575Z" },
    { url = "https://files.pythonhosted.org/packages/71/87/567f58d7ba69ff0208be849b37be0f2c2e99c69e49334edd45ff44f00043/nodejs_wheel_binaries-24.12.0-py2.py3-none-musllinux_1_2_x86_64.whl", hash = "sha256:2473c819448fedd7b036dde236b09f3c8bbf39fbbd0c1068790a0498800f498b", size = 62238331, upload-time = "2025-12-11T21:12:16.143Z" },
    { url = "https://files.pythonhosted.org/packages/6a/9d/c6492188ce8de90093c6755a4a63bb6b2b4efb17094cb4f9a9a49c73ed3b/nodejs_wheel_binaries-24.12.0-py2.py3-none-win_amd64.whl", hash = "sha256:2090d59f75a68079fabc9b86b14df8238b9aecb9577966dc142ce2a23a32e9bb", size = 41342076, upload-time = "2025-12-11T21:12:20.618Z" },
    { url = "https://files.pythonhosted.org/packages/df/af/cd3290a647df567645353feed451ef4feaf5844496ced69c4dcb84295ff4/nodejs_wheel_binaries-24.12.0-py2.py3-none-win_arm64.whl", hash = "sha256:d0c2273b667dd7e3f55e369c0085957b702144b1b04bfceb7ce2411e58333757", size = 39048104, upload-time = "2025-12-11T21:12:23.495Z" },
]

[[package]]
name = "src-stubs"
version = "0.1.0"
source = { git = "https://git.undoers.io/gfg/udbpy_stubs.git#64b063445499d3f7fa461262c12111931b0c2b9c" }

[[package]]
name = "ubeacon"
version = "0.1.0"
source = { virtual = "." }

[package.dev-dependencies]
dev = [
    { name = "basedpyright" },
    { name = "src-stubs" },
]

[package.metadata]

[package.metadata.requires-dev]
dev = [
    { name = "basedpyright", specifier = ">=1.36.1" },
    { name = "src-stubs", git = "https://git.undoers.io/gfg/udbpy_stubs.git" },
]
